
Microsoft Visual Studio Solution File, Format Version 12.00
# Visual Studio 15
VisualStudioVersion = 15.0.26430.16
MinimumVisualStudioVersion = 10.0.40219.1
Project("{9A19103F-16F7-4668-BE54-9A1E7A4F7556}") = "IdentityServerSystem", "IdentityServerSystem\IdentityServerSystem.csproj", "{23DFDBC5-D0FA-414F-89ED-752B890D5D73}"
EndProject
Project("{FAE04EC0-301F-11D3-BF4B-00C04F79EFBC}") = "IdentityServerSystemResource", "IdentityServerSystemResource\IdentityServerSystemResource.csproj", "{C6102A13-EDE4-4CF5-BB1A-029A07D46371}"
EndProject
Global
	GlobalSection(SolutionConfigurationPlatforms) = preSolution
		Debug|Any CPU = Debug|Any CPU
		Release|Any CPU = Release|Any CPU
	EndGlobalSection
	GlobalSection(ProjectConfigurationPlatforms) = postSolution
		{23DFDBC5-D0FA-414F-89ED-752B890D5D73}.Debug|Any CPU.ActiveCfg = Debug|Any CPU
		{23DFDBC5-D0FA-414F-89ED-752B890D5D73}.Debug|Any CPU.Build.0 = Debug|Any CPU
		{23DFDBC5-D0FA-414F-89ED-752B890D5D73}.Release|Any CPU.ActiveCfg = Release|Any CPU
		{23DFDBC5-D0FA-414F-89ED-752B890D5D73}.Release|Any CPU.Build.0 = Release|Any CPU
		{C6102A13-EDE4-4CF5-BB1A-029A07D46371}.Debug|Any CPU.ActiveCfg = Debug|Any CPU
		{C6102A13-EDE4-4CF5-BB1A-029A07D46371}.Debug|Any CPU.Build.0 = Debug|Any CPU
		{C6102A13-EDE4-4CF5-BB1A-029A07D46371}.Release|Any CPU.ActiveCfg = Release|Any CPU
		{C6102A13-EDE4-4CF5-BB1A-029A07D46371}.Release|Any CPU.Build.0 = Release|Any CPU
	EndGlobalSection
	GlobalSection(SolutionProperties) = preSolution
		HideSolutionNode = FALSE
	EndGlobalSection
EndGlobal
